
Microsoft Visual Studio Solution File, Format Version 12.00
# Visual Studio 2013
VisualStudioVersion = 12.0.31101.0
MinimumVisualStudioVersion = 10.0.40219.1
Project("{FAE04EC0-301F-11D3-BF4B-00C04F79EFBC}") = "BlueBit.CarsEvidence.GUI.Desktop", "BlueBit.CarsEvidence.GUI.Desktop\BlueBit.CarsEvidence.GUI.Desktop.csproj", "{36C49851-463D-4C82-991E-56ED967D56A7}"
EndProject
Project("{FAE04EC0-301F-11D3-BF4B-00C04F79EFBC}") = "BlueBit.CarsEvidence.GUI.Console", "BlueBit.CarsEvidence.GUI.Console\BlueBit.CarsEvidence.GUI.Console.csproj", "{20E97C3F-F8FD-4A2C-B6A7-F5F54111F806}"
EndProject
Project("{FAE04EC0-301F-11D3-BF4B-00C04F79EFBC}") = "BlueBit.CarsEvidence.Commons", "BlueBit.CarsEvidence.Commons\BlueBit.CarsEvidence.Commons.csproj", "{EADA7872-148F-499A-8689-0E7F02BB5437}"
EndProject
Project("{FAE04EC0-301F-11D3-BF4B-00C04F79EFBC}") = "BlueBit.CarsEvidence.BL", "BlueBit.CarsEvidence.BL\BlueBit.CarsEvidence.BL.csproj", "{77827CAC-6645-4B19-AF2A-1DDF0FF16D2C}"
EndProject
Project("{2150E333-8FDC-42A3-9474-1A3956D46DE8}") = ".nuget", ".nuget", "{E7490715-5151-4477-94DF-726C214B7B40}"
	ProjectSection(SolutionItems) = preProject
		.nuget\NuGet.Config = .nuget\NuGet.Config
		.nuget\NuGet.exe = .nuget\NuGet.exe
		.nuget\NuGet.targets = .nuget\NuGet.targets
	EndProjectSection
EndProject
Project("{2150E333-8FDC-42A3-9474-1A3956D46DE8}") = "Solution Items", "Solution Items", "{0965CC58-62C9-4BF7-B2B0-7C4F1D00A6C9}"
EndProject
Project("{2150E333-8FDC-42A3-9474-1A3956D46DE8}") = "BlueBit.CarsEvidence.DB", "BlueBit.CarsEvidence.DB", "{EF275AC9-8EAE-4ACD-9A82-2748B83BD45F}"
EndProject
Project("{2150E333-8FDC-42A3-9474-1A3956D46DE8}") = "Empty", "Empty", "{57F106E0-E39E-4565-B238-9067B73EB596}"
	ProjectSection(SolutionItems) = preProject
		BlueBit.CarsEvidence.DB\Empty\BlueBit.CarsEvidence.Data.mdf = BlueBit.CarsEvidence.DB\Empty\BlueBit.CarsEvidence.Data.mdf
		BlueBit.CarsEvidence.DB\Empty\BlueBit.CarsEvidence.Logs.ldf = BlueBit.CarsEvidence.DB\Empty\BlueBit.CarsEvidence.Logs.ldf
	EndProjectSection
EndProject
Project("{2150E333-8FDC-42A3-9474-1A3956D46DE8}") = "Initialized", "Initialized", "{5D1AF42F-BCDF-4E93-86C7-487EFDFD22A6}"
	ProjectSection(SolutionItems) = preProject
		BlueBit.CarsEvidence.DB\Initialized\BlueBit.CarsEvidence.Data.mdf = BlueBit.CarsEvidence.DB\Initialized\BlueBit.CarsEvidence.Data.mdf
		BlueBit.CarsEvidence.DB\Initialized\BlueBit.CarsEvidence.Logs.ldf = BlueBit.CarsEvidence.DB\Initialized\BlueBit.CarsEvidence.Logs.ldf
	EndProjectSection
EndProject
Project("{54435603-DBB4-11D2-8724-00A0C9A8B90C}") = "BlueBit.CarsEvidence.Setup.x64", "BlueBit.CarsEvidence.Setup.x64\BlueBit.CarsEvidence.Setup.x64.vdproj", "{81C79433-B625-4DB7-8540-E067920174F8}"
EndProject
Global
	GlobalSection(SolutionConfigurationPlatforms) = preSolution
		Debug|Any CPU = Debug|Any CPU
		Release|Any CPU = Release|Any CPU
	EndGlobalSection
	GlobalSection(ProjectConfigurationPlatforms) = postSolution
		{36C49851-463D-4C82-991E-56ED967D56A7}.Debug|Any CPU.ActiveCfg = Debug|Any CPU
		{36C49851-463D-4C82-991E-56ED967D56A7}.Debug|Any CPU.Build.0 = Debug|Any CPU
		{36C49851-463D-4C82-991E-56ED967D56A7}.Release|Any CPU.ActiveCfg = Release|Any CPU
		{36C49851-463D-4C82-991E-56ED967D56A7}.Release|Any CPU.Build.0 = Release|Any CPU
		{20E97C3F-F8FD-4A2C-B6A7-F5F54111F806}.Debug|Any CPU.ActiveCfg = Debug|Any CPU
		{20E97C3F-F8FD-4A2C-B6A7-F5F54111F806}.Debug|Any CPU.Build.0 = Debug|Any CPU
		{20E97C3F-F8FD-4A2C-B6A7-F5F54111F806}.Release|Any CPU.ActiveCfg = Release|Any CPU
		{20E97C3F-F8FD-4A2C-B6A7-F5F54111F806}.Release|Any CPU.Build.0 = Release|Any CPU
		{EADA7872-148F-499A-8689-0E7F02BB5437}.Debug|Any CPU.ActiveCfg = Debug|Any CPU
		{EADA7872-148F-499A-8689-0E7F02BB5437}.Debug|Any CPU.Build.0 = Debug|Any CPU
		{EADA7872-148F-499A-8689-0E7F02BB5437}.Release|Any CPU.ActiveCfg = Release|Any CPU
		{EADA7872-148F-499A-8689-0E7F02BB5437}.Release|Any CPU.Build.0 = Release|Any CPU
		{77827CAC-6645-4B19-AF2A-1DDF0FF16D2C}.Debug|Any CPU.ActiveCfg = Debug|Any CPU
		{77827CAC-6645-4B19-AF2A-1DDF0FF16D2C}.Debug|Any CPU.Build.0 = Debug|Any CPU
		{77827CAC-6645-4B19-AF2A-1DDF0FF16D2C}.Release|Any CPU.ActiveCfg = Release|Any CPU
		{77827CAC-6645-4B19-AF2A-1DDF0FF16D2C}.Release|Any CPU.Build.0 = Release|Any CPU
		{81C79433-B625-4DB7-8540-E067920174F8}.Debug|Any CPU.ActiveCfg = Debug
		{81C79433-B625-4DB7-8540-E067920174F8}.Release|Any CPU.ActiveCfg = Release
	EndGlobalSection
	GlobalSection(SolutionProperties) = preSolution
		HideSolutionNode = FALSE
	EndGlobalSection
	GlobalSection(NestedProjects) = preSolution
		{EF275AC9-8EAE-4ACD-9A82-2748B83BD45F} = {0965CC58-62C9-4BF7-B2B0-7C4F1D00A6C9}
		{57F106E0-E39E-4565-B238-9067B73EB596} = {EF275AC9-8EAE-4ACD-9A82-2748B83BD45F}
		{5D1AF42F-BCDF-4E93-86C7-487EFDFD22A6} = {EF275AC9-8EAE-4ACD-9A82-2748B83BD45F}
	EndGlobalSection
EndGlobal
